// !$*UTF8*$!
{
	archiveVersion = 1;
	classes = {
	};
	objectVersion = 48;
	objects = {

/* Begin PBXBuildFile section */
		CEDD7436203775BC001D81D5 /* AppDelegate.swift in Sources */ = {isa = PBXBuildFile; fileRef = CEDD7435203775BC001D81D5 /* AppDelegate.swift */; };
		CEDD7438203775BC001D81D5 /* ViewController.swift in Sources */ = {isa = PBXBuildFile; fileRef = CEDD7437203775BC001D81D5 /* ViewController.swift */; };
		CEDD743B203775BC001D81D5 /* Main.storyboard in Resources */ = {isa = PBXBuildFile; fileRef = CEDD7439203775BC001D81D5 /* Main.storyboard */; };
		CEDD743E203775BC001D81D5 /* weather.xcdatamodeld in Sources */ = {isa = PBXBuildFile; fileRef = CEDD743C203775BC001D81D5 /* weather.xcdatamodeld */; };
		CEDD7440203775BC001D81D5 /* Assets.xcassets in Resources */ = {isa = PBXBuildFile; fileRef = CEDD743F203775BC001D81D5 /* Assets.xcassets */; };
		CEDD7443203775BC001D81D5 /* LaunchScreen.storyboard in Resources */ = {isa = PBXBuildFile; fileRef = CEDD7441203775BC001D81D5 /* LaunchScreen.storyboard */; };
		CEDD744E203775BC001D81D5 /* weatherTests.swift in Sources */ = {isa = PBXBuildFile; fileRef = CEDD744D203775BC001D81D5 /* weatherTests.swift */; };
		CEDD745920377ACE001D81D5 /* PageViewController.swift in Sources */ = {isa = PBXBuildFile; fileRef = CEDD745820377ACE001D81D5 /* PageViewController.swift */; };
		CEF78A462039D62400447F8F /* entry.storyboard in Resources */ = {isa = PBXBuildFile; fileRef = CEF78A452039D62400447F8F /* entry.storyboard */; };
		CEF78A4E2039F68E00447F8F /* OnboardingViewController.swift in Sources */ = {isa = PBXBuildFile; fileRef = CEF78A4D2039F68E00447F8F /* OnboardingViewController.swift */; };
/* End PBXBuildFile section */

/* Begin PBXContainerItemProxy section */
		CEDD744A203775BC001D81D5 /* PBXContainerItemProxy */ = {
			isa = PBXContainerItemProxy;
			containerPortal = CEDD742A203775BC001D81D5 /* Project object */;
			proxyType = 1;
			remoteGlobalIDString = CEDD7431203775BC001D81D5;
			remoteInfo = weather;
		};
/* End PBXContainerItemProxy section */

/* Begin PBXFileReference section */
		CEDD7432203775BC001D81D5 /* weather.app */ = {isa = PBXFileReference; explicitFileType = wrapper.application; includeInIndex = 0; path = weather.app; sourceTree = BUILT_PRODUCTS_DIR; };
		CEDD7435203775BC001D81D5 /* AppDelegate.swift */ = {isa = PBXFileReference; lastKnownFileType = sourcecode.swift; path = AppDelegate.swift; sourceTree = "<group>"; };
		CEDD7437203775BC001D81D5 /* ViewController.swift */ = {isa = PBXFileReference; lastKnownFileType = sourcecode.swift; path = ViewController.swift; sourceTree = "<group>"; };
		CEDD743A203775BC001D81D5 /* Base */ = {isa = PBXFileReference; lastKnownFileType = file.storyboard; name = Base; path = Base.lproj/Main.storyboard; sourceTree = "<group>"; };
		CEDD743D203775BC001D81D5 /* weather.xcdatamodel */ = {isa = PBXFileReference; lastKnownFileType = wrapper.xcdatamodel; path = weather.xcdatamodel; sourceTree = "<group>"; };
		CEDD743F203775BC001D81D5 /* Assets.xcassets */ = {isa = PBXFileReference; lastKnownFileType = folder.assetcatalog; path = Assets.xcassets; sourceTree = "<group>"; };
		CEDD7442203775BC001D81D5 /* Base */ = {isa = PBXFileReference; lastKnownFileType = file.storyboard; name = Base; path = Base.lproj/LaunchScreen.storyboard; sourceTree = "<group>"; };
		CEDD7444203775BC001D81D5 /* Info.plist */ = {isa = PBXFileReference; lastKnownFileType = text.plist.xml; path = Info.plist; sourceTree = "<group>"; };
		CEDD7449203775BC001D81D5 /* weatherTests.xctest */ = {isa = PBXFileReference; explicitFileType = wrapper.cfbundle; includeInIndex = 0; path = weatherTests.xctest; sourceTree = BUILT_PRODUCTS_DIR; };
		CEDD744D203775BC001D81D5 /* weatherTests.swift */ = {isa = PBXFileReference; lastKnownFileType = sourcecode.swift; path = weatherTests.swift; sourceTree = "<group>"; };
		CEDD744F203775BC001D81D5 /* Info.plist */ = {isa = PBXFileReference; lastKnownFileType = text.plist.xml; path = Info.plist; sourceTree = "<group>"; };
		CEDD745820377ACE001D81D5 /* PageViewController.swift */ = {isa = PBXFileReference; lastKnownFileType = sourcecode.swift; path = PageViewController.swift; sourceTree = "<group>"; };
		CEF78A452039D62400447F8F /* entry.storyboard */ = {isa = PBXFileReference; lastKnownFileType = file.storyboard; path = entry.storyboard; sourceTree = "<group>"; };
		CEF78A4D2039F68E00447F8F /* OnboardingViewController.swift */ = {isa = PBXFileReference; lastKnownFileType = sourcecode.swift; path = OnboardingViewController.swift; sourceTree = "<group>"; };
/* End PBXFileReference section */

/* Begin PBXFrameworksBuildPhase section */
		CEDD742F203775BC001D81D5 /* Frameworks */ = {
			isa = PBXFrameworksBuildPhase;
			buildActionMask = 2147483647;
			files = (
			);
			runOnlyForDeploymentPostprocessing = 0;
		};
		CEDD7446203775BC001D81D5 /* Frameworks */ = {
			isa = PBXFrameworksBuildPhase;
			buildActionMask = 2147483647;
			files = (
			);
			runOnlyForDeploymentPostprocessing = 0;
		};
/* End PBXFrameworksBuildPhase section */

/* Begin PBXGroup section */
		CEDD7429203775BC001D81D5 = {
			isa = PBXGroup;
			children = (
				CEDD7434203775BC001D81D5 /* weather */,
				CEDD744C203775BC001D81D5 /* weatherTests */,
				CEDD7433203775BC001D81D5 /* Products */,
			);
			sourceTree = "<group>";
		};
		CEDD7433203775BC001D81D5 /* Products */ = {
			isa = PBXGroup;
			children = (
				CEDD7432203775BC001D81D5 /* weather.app */,
				CEDD7449203775BC001D81D5 /* weatherTests.xctest */,
			);
			name = Products;
			sourceTree = "<group>";
		};
		CEDD7434203775BC001D81D5 /* weather */ = {
			isa = PBXGroup;
			children = (
				CEF78A4F2039FEBE00447F8F /* Controller */,
				CEF78A502039FEDE00447F8F /* Views */,
				CEF78A512039FEFF00447F8F /* Models */,
				CEDD743F203775BC001D81D5 /* Assets.xcassets */,
				CEDD7444203775BC001D81D5 /* Info.plist */,
				CEDD743C203775BC001D81D5 /* weather.xcdatamodeld */,
			);
			path = weather;
			sourceTree = "<group>";
		};
		CEDD744C203775BC001D81D5 /* weatherTests */ = {
			isa = PBXGroup;
			children = (
				CEDD744D203775BC001D81D5 /* weatherTests.swift */,
				CEDD744F203775BC001D81D5 /* Info.plist */,
			);
			path = weatherTests;
			sourceTree = "<group>";
		};
		CEF78A4F2039FEBE00447F8F /* Controller */ = {
			isa = PBXGroup;
			children = (
				CEDD745820377ACE001D81D5 /* PageViewController.swift */,
				CEDD7437203775BC001D81D5 /* ViewController.swift */,
				CEF78A4D2039F68E00447F8F /* OnboardingViewController.swift */,
			);
			path = Controller;
			sourceTree = "<group>";
		};
		CEF78A502039FEDE00447F8F /* Views */ = {
			isa = PBXGroup;
			children = (
				CEDD7439203775BC001D81D5 /* Main.storyboard */,
				CEDD7441203775BC001D81D5 /* LaunchScreen.storyboard */,
				CEF78A452039D62400447F8F /* entry.storyboard */,
			);
			path = Views;
			sourceTree = "<group>";
		};
		CEF78A512039FEFF00447F8F /* Models */ = {
			isa = PBXGroup;
			children = (
				CEDD7435203775BC001D81D5 /* AppDelegate.swift */,
			);
			path = Models;
			sourceTree = "<group>";
		};
/* End PBXGroup section */

/* Begin PBXNativeTarget section */
		CEDD7431203775BC001D81D5 /* weather */ = {
			isa = PBXNativeTarget;
			buildConfigurationList = CEDD7452203775BC001D81D5 /* Build configuration list for PBXNativeTarget "weather" */;
			buildPhases = (
				CEDD742E203775BC001D81D5 /* Sources */,
				CEDD742F203775BC001D81D5 /* Frameworks */,
				CEDD7430203775BC001D81D5 /* Resources */,
			);
			buildRules = (
			);
			dependencies = (
			);
			name = weather;
			productName = weather;
			productReference = CEDD7432203775BC001D81D5 /* weather.app */;
			productType = "com.apple.product-type.application";
		};
		CEDD7448203775BC001D81D5 /* weatherTests */ = {
			isa = PBXNativeTarget;
			buildConfigurationList = CEDD7455203775BC001D81D5 /* Build configuration list for PBXNativeTarget "weatherTests" */;
			buildPhases = (
				CEDD7445203775BC001D81D5 /* Sources */,
				CEDD7446203775BC001D81D5 /* Frameworks */,
				CEDD7447203775BC001D81D5 /* Resources */,
			);
			buildRules = (
			);
			dependencies = (
				CEDD744B203775BC001D81D5 /* PBXTargetDependency */,
			);
			name = weatherTests;
			productName = weatherTests;
			productReference = CEDD7449203775BC001D81D5 /* weatherTests.xctest */;
			productType = "com.apple.product-type.bundle.unit-test";
		};
/* End PBXNativeTarget section */

/* Begin PBXProject section */
		CEDD742A203775BC001D81D5 /* Project object */ = {
			isa = PBXProject;
			attributes = {
				LastSwiftUpdateCheck = 0920;
				LastUpgradeCheck = 0920;
				ORGANIZATIONNAME = dikan.chen;
				TargetAttributes = {
					CEDD7431203775BC001D81D5 = {
						CreatedOnToolsVersion = 9.2;
						ProvisioningStyle = Automatic;
					};
					CEDD7448203775BC001D81D5 = {
						CreatedOnToolsVersion = 9.2;
						ProvisioningStyle = Automatic;
						TestTargetID = CEDD7431203775BC001D81D5;
					};
				};
			};
			buildConfigurationList = CEDD742D203775BC001D81D5 /* Build configuration list for PBXProject "weather" */;
			compatibilityVersion = "Xcode 8.0";
			developmentRegion = en;
			hasScannedForEncodings = 0;
			knownRegions = (
				en,
				Base,
			);
			mainGroup = CEDD7429203775BC001D81D5;
			productRefGroup = CEDD7433203775BC001D81D5 /* Products */;
			projectDirPath = "";
			projectRoot = "";
			targets = (
				CEDD7431203775BC001D81D5 /* weather */,
				CEDD7448203775BC001D81D5 /* weatherTests */,
			);
		};
/* End PBXProject section */

/* Begin PBXResourcesBuildPhase section */
		CEDD7430203775BC001D81D5 /* Resources */ = {
			isa = PBXResourcesBuildPhase;
			buildActionMask = 2147483647;
			files = (
				CEDD7443203775BC001D81D5 /* LaunchScreen.storyboard in Resources */,
				CEF78A462039D62400447F8F /* entry.storyboard in Resources */,
				CEDD7440203775BC001D81D5 /* Assets.xcassets in Resources */,
				CEDD743B203775BC001D81D5 /* Main.storyboard in Resources */,
			);
			runOnlyForDeploymentPostprocessing = 0;
		};
		CEDD7447203775BC001D81D5 /* Resources */ = {
			isa = PBXResourcesBuildPhase;
			buildActionMask = 2147483647;
			files = (
			);
			runOnlyForDeploymentPostprocessing = 0;
		};
/* End PBXResourcesBuildPhase section */

/* Begin PBXSourcesBuildPhase section */
		CEDD742E203775BC001D81D5 /* Sources */ = {
			isa = PBXSourcesBuildPhase;
			buildActionMask = 2147483647;
			files = (
				CEDD743E203775BC001D81D5 /* weather.xcdatamodeld in Sources */,
				CEDD7438203775BC001D81D5 /* ViewController.swift in Sources */,
				CEF78A4E2039F68E00447F8F /* OnboardingViewController.swift in Sources */,
				CEDD7436203775BC001D81D5 /* AppDelegate.swift in Sources */,
				CEDD745920377ACE001D81D5 /* PageViewController.swift in Sources */,
			);
			runOnlyForDeploymentPostprocessing = 0;
		};
		CEDD7445203775BC001D81D5 /* Sources */ = {
			isa = PBXSourcesBuildPhase;
			buildActionMask = 2147483647;
			files = (
				CEDD744E203775BC001D81D5 /* weatherTests.swift in Sources */,
			);
			runOnlyForDeploymentPostprocessing = 0;
		};
/* End PBXSourcesBuildPhase section */

/* Begin PBXTargetDependency section */
		CEDD744B203775BC001D81D5 /* PBXTargetDependency */ = {
			isa = PBXTargetDependency;
			target = CEDD7431203775BC001D81D5 /* weather */;
			targetProxy = CEDD744A203775BC001D81D5 /* PBXContainerItemProxy */;
		};
/* End PBXTargetDependency section */

/* Begin PBXVariantGroup section */
		CEDD7439203775BC001D81D5 /* Main.storyboard */ = {
			isa = PBXVariantGroup;
			children = (
				CEDD743A203775BC001D81D5 /* Base */,
			);
			name = Main.storyboard;
			sourceTree = "<group>";
		};
		CEDD7441203775BC001D81D5 /* LaunchScreen.storyboard */ = {
			isa = PBXVariantGroup;
			children = (
				CEDD7442203775BC001D81D5 /* Base */,
			);
			name = LaunchScreen.storyboard;
			sourceTree = "<group>";
		};
/* End PBXVariantGroup section */

/* Begin XCBuildConfiguration section */
		CEDD7450203775BC001D81D5 /* Debug */ = {
			isa = XCBuildConfiguration;
			buildSettings = {
				ALWAYS_SEARCH_USER_PATHS = NO;
				CLANG_ANALYZER_NONNULL = YES;
				CLANG_ANALYZER_NUMBER_OBJECT_CONVERSION = YES_AGGRESSIVE;
				CLANG_CXX_LANGUAGE_STANDARD = "gnu++14";
				CLANG_CXX_LIBRARY = "libc++";
				CLANG_ENABLE_MODULES = YES;
				CLANG_ENABLE_OBJC_ARC = YES;
				CLANG_WARN_BLOCK_CAPTURE_AUTORELEASING = YES;
				CLANG_WARN_BOOL_CONVERSION = YES;
				CLANG_WARN_COMMA = YES;
				CLANG_WARN_CONSTANT_CONVERSION = YES;
				CLANG_WARN_DIRECT_OBJC_ISA_USAGE = YES_ERROR;
				CLANG_WARN_DOCUMENTATION_COMMENTS = YES;
				CLANG_WARN_EMPTY_BODY = YES;
				CLANG_WARN_ENUM_CONVERSION = YES;
				CLANG_WARN_INFINITE_RECURSION = YES;
				CLANG_WARN_INT_CONVERSION = YES;
				CLANG_WARN_NON_LITERAL_NULL_CONVERSION = YES;
				CLANG_WARN_OBJC_LITERAL_CONVERSION = YES;
				CLANG_WARN_OBJC_ROOT_CLASS = YES_ERROR;
				CLANG_WARN_RANGE_LOOP_ANALYSIS = YES;
				CLANG_WARN_STRICT_PROTOTYPES = YES;
				CLANG_WARN_SUSPICIOUS_MOVE = YES;
				CLANG_WARN_UNGUARDED_AVAILABILITY = YES_AGGRESSIVE;
				CLANG_WARN_UNREACHABLE_CODE = YES;
				CLANG_WARN__DUPLICATE_METHOD_MATCH = YES;
				CODE_SIGN_IDENTITY = "iPhone Developer";
				COPY_PHASE_STRIP = NO;
				DEBUG_INFORMATION_FORMAT = dwarf;
				ENABLE_STRICT_OBJC_MSGSEND = YES;
				ENABLE_TESTABILITY = YES;
				GCC_C_LANGUAGE_STANDARD = gnu11;
				GCC_DYNAMIC_NO_PIC = NO;
				GCC_NO_COMMON_BLOCKS = YES;
				GCC_OPTIMIZATION_LEVEL = 0;
				GCC_PREPROCESSOR_DEFINITIONS = (
					"DEBUG=1",
					"$(inherited)",
				);
				GCC_WARN_64_TO_32_BIT_CONVERSION = YES;
				GCC_WARN_ABOUT_RETURN_TYPE = YES_ERROR;
				GCC_WARN_UNDECLARED_SELECTOR = YES;
				GCC_WARN_UNINITIALIZED_AUTOS = YES_AGGRESSIVE;
				GCC_WARN_UNUSED_FUNCTION = YES;
				GCC_WARN_UNUSED_VARIABLE = YES;
				IPHONEOS_DEPLOYMENT_TARGET = 11.2;
				MTL_ENABLE_DEBUG_INFO = YES;
				ONLY_ACTIVE_ARCH = YES;
				SDKROOT = iphoneos;
				SWIFT_ACTIVE_COMPILATION_CONDITIONS = DEBUG;
				SWIFT_OPTIMIZATION_LEVEL = "-Onone";
			};
			name = Debug;
		};
		CEDD7451203775BC001D81D5 /* Release */ = {
			isa = XCBuildConfiguration;
			buildSettings = {
				ALWAYS_SEARCH_USER_PATHS = NO;
				CLANG_ANALYZER_NONNULL = YES;
				CLANG_ANALYZER_NUMBER_OBJECT_CONVERSION = YES_AGGRESSIVE;
				CLANG_CXX_LANGUAGE_STANDARD = "gnu++14";
				CLANG_CXX_LIBRARY = "libc++";
				CLANG_ENABLE_MODULES = YES;
				CLANG_ENABLE_OBJC_ARC = YES;
				CLANG_WARN_BLOCK_CAPTURE_AUTORELEASING = YES;
				CLANG_WARN_BOOL_CONVERSION = YES;
				CLANG_WARN_COMMA = YES;
				CLANG_WARN_CONSTANT_CONVERSION = YES;
				CLANG_WARN_DIRECT_OBJC_ISA_USAGE = YES_ERROR;
				CLANG_WARN_DOCUMENTATION_COMMENTS = YES;
				CLANG_WARN_EMPTY_BODY = YES;
				CLANG_WARN_ENUM_CONVERSION = YES;
				CLANG_WARN_INFINITE_RECURSION = YES;
				CLANG_WARN_INT_CONVERSION = YES;
				CLANG_WARN_NON_LITERAL_NULL_CONVERSION = YES;
				CLANG_WARN_OBJC_LITERAL_CONVERSION = YES;
				CLANG_WARN_OBJC_ROOT_CLASS = YES_ERROR;
				CLANG_WARN_RANGE_LOOP_ANALYSIS = YES;
				CLANG_WARN_STRICT_PROTOTYPES = YES;
				CLANG_WARN_SUSPICIOUS_MOVE = YES;
				CLANG_WARN_UNGUARDED_AVAILABILITY = YES_AGGRESSIVE;
				CLANG_WARN_UNREACHABLE_CODE = YES;
				CLANG_WARN__DUPLICATE_METHOD_MATCH = YES;
				CODE_SIGN_IDENTITY = "iPhone Developer";
				COPY_PHASE_STRIP = NO;
				DEBUG_INFORMATION_FORMAT = "dwarf-with-dsym";
				ENABLE_NS_ASSERTIONS = NO;
				ENABLE_STRICT_OBJC_MSGSEND = YES;
				GCC_C_LANGUAGE_STANDARD = gnu11;
				GCC_NO_COMMON_BLOCKS = YES;
				GCC_WARN_64_TO_32_BIT_CONVERSION = YES;
				GCC_WARN_ABOUT_RETURN_TYPE = YES_ERROR;
				GCC_WARN_UNDECLARED_SELECTOR = YES;
				GCC_WARN_UNINITIALIZED_AUTOS = YES_AGGRESSIVE;
				GCC_WARN_UNUSED_FUNCTION = YES;
				GCC_WARN_UNUSED_VARIABLE = YES;
				IPHONEOS_DEPLOYMENT_TARGET = 11.2;
				MTL_ENABLE_DEBUG_INFO = NO;
				SDKROOT = iphoneos;
				SWIFT_OPTIMIZATION_LEVEL = "-Owholemodule";
				VALIDATE_PRODUCT = YES;
			};
			name = Release;
		};
		CEDD7453203775BC001D81D5 /* Debug */ = {
			isa = XCBuildConfiguration;
			buildSettings = {
				ASSETCATALOG_COMPILER_APPICON_NAME = AppIcon;
				CODE_SIGN_STYLE = Automatic;
				INFOPLIST_FILE = weather/Info.plist;
				LD_RUNPATH_SEARCH_PATHS = "$(inherited) @executable_path/Frameworks";
				PRODUCT_BUNDLE_IDENTIFIER = dikan.chen.weather;
				PRODUCT_NAME = "$(TARGET_NAME)";
				SWIFT_VERSION = 4.0;
				TARGETED_DEVICE_FAMILY = "1,2";
			};
			name = Debug;
		};
		CEDD7454203775BC001D81D5 /* Release */ = {
			isa = XCBuildConfiguration;
			buildSettings = {
				ASSETCATALOG_COMPILER_APPICON_NAME = AppIcon;
				CODE_SIGN_STYLE = Automatic;
				INFOPLIST_FILE = weather/Info.plist;
				LD_RUNPATH_SEARCH_PATHS = "$(inherited) @executable_path/Frameworks";
				PRODUCT_BUNDLE_IDENTIFIER = dikan.chen.weather;
				PRODUCT_NAME = "$(TARGET_NAME)";
				SWIFT_VERSION = 4.0;
				TARGETED_DEVICE_FAMILY = "1,2";
			};
			name = Release;
		};
		CEDD7456203775BC001D81D5 /* Debug */ = {
			isa = XCBuildConfiguration;
			buildSettings = {
				ALWAYS_EMBED_SWIFT_STANDARD_LIBRARIES = YES;
				BUNDLE_LOADER = "$(TEST_HOST)";
				CODE_SIGN_STYLE = Automatic;
				INFOPLIST_FILE = weatherTests/Info.plist;
				LD_RUNPATH_SEARCH_PATHS = "$(inherited) @executable_path/Frameworks @loader_path/Frameworks";
				PRODUCT_BUNDLE_IDENTIFIER = dikan.chen.weatherTests;
				PRODUCT_NAME = "$(TARGET_NAME)";
				SWIFT_VERSION = 4.0;
				TARGETED_DEVICE_FAMILY = "1,2";
				TEST_HOST = "$(BUILT_PRODUCTS_DIR)/weather.app/weather";
			};
			name = Debug;
		};
		CEDD7457203775BC001D81D5 /* Release */ = {
			isa = XCBuildConfiguration;
			buildSettings = {
				ALWAYS_EMBED_SWIFT_STANDARD_LIBRARIES = YES;
				BUNDLE_LOADER = "$(TEST_HOST)";
				CODE_SIGN_STYLE = Automatic;
				INFOPLIST_FILE = weatherTests/Info.plist;
				LD_RUNPATH_SEARCH_PATHS = "$(inherited) @executable_path/Frameworks @loader_path/Frameworks";
				PRODUCT_BUNDLE_IDENTIFIER = dikan.chen.weatherTests;
				PRODUCT_NAME = "$(TARGET_NAME)";
				SWIFT_VERSION = 4.0;
				TARGETED_DEVICE_FAMILY = "1,2";
				TEST_HOST = "$(BUILT_PRODUCTS_DIR)/weather.app/weather";
			};
			name = Release;
		};
/* End XCBuildConfiguration section */

/* Begin XCConfigurationList section */
		CEDD742D203775BC001D81D5 /* Build configuration list for PBXProject "weather" */ = {
			isa = XCConfigurationList;
			buildConfigurations = (
				CEDD7450203775BC001D81D5 /* Debug */,
				CEDD7451203775BC001D81D5 /* Release */,
			);
			defaultConfigurationIsVisible = 0;
			defaultConfigurationName = Release;
		};
		CEDD7452203775BC001D81D5 /* Build configuration list for PBXNativeTarget "weather" */ = {
			isa = XCConfigurationList;
			buildConfigurations = (
				CEDD7453203775BC001D81D5 /* Debug */,
				CEDD7454203775BC001D81D5 /* Release */,
			);
			defaultConfigurationIsVisible = 0;
			defaultConfigurationName = Release;
		};
		CEDD7455203775BC001D81D5 /* Build configuration list for PBXNativeTarget "weatherTests" */ = {
			isa = XCConfigurationList;
			buildConfigurations = (
				CEDD7456203775BC001D81D5 /* Debug */,
				CEDD7457203775BC001D81D5 /* Release */,
			);
			defaultConfigurationIsVisible = 0;
			defaultConfigurationName = Release;
		};
/* End XCConfigurationList section */

/* Begin XCVersionGroup section */
		CEDD743C203775BC001D81D5 /* weather.xcdatamodeld */ = {
			isa = XCVersionGroup;
			children = (
				CEDD743D203775BC001D81D5 /* weather.xcdatamodel */,
			);
			currentVersion = CEDD743D203775BC001D81D5 /* weather.xcdatamodel */;
			path = weather.xcdatamodeld;
			sourceTree = "<group>";
			versionGroupType = wrapper.xcdatamodel;
		};
/* End XCVersionGroup section */
	};
	rootObject = CEDD742A203775BC001D81D5 /* Project object */;
}
